
Microsoft Visual Studio Solution File, Format Version 12.00
# Visual Studio Version 16
VisualStudioVersion = 16.0.30413.136
MinimumVisualStudioVersion = 10.0.40219.1
Project("{FAE04EC0-301F-11D3-BF4B-00C04F79EFBC}") = "FTPBruteProject", "FTPBruteProject.csproj", "{24AF9A22-D811-4EF0-BAE2-2F61AE0D1C9F}"
EndProject
Global
	GlobalSection(SolutionConfigurationPlatforms) = preSolution
		Debug|Any CPU = Debug|Any CPU
		Release|Any CPU = Release|Any CPU
	EndGlobalSection
	GlobalSection(ProjectConfigurationPlatforms) = postSolution
		{24AF9A22-D811-4EF0-BAE2-2F61AE0D1C9F}.Debug|Any CPU.ActiveCfg = Debug|Any CPU
		{24AF9A22-D811-4EF0-BAE2-2F61AE0D1C9F}.Debug|Any CPU.Build.0 = Debug|Any CPU
		{24AF9A22-D811-4EF0-BAE2-2F61AE0D1C9F}.Release|Any CPU.ActiveCfg = Release|Any CPU
		{24AF9A22-D811-4EF0-BAE2-2F61AE0D1C9F}.Release|Any CPU.Build.0 = Release|Any CPU
	EndGlobalSection
	GlobalSection(SolutionProperties) = preSolution
		HideSolutionNode = FALSE
	EndGlobalSection
	GlobalSection(ExtensibilityGlobals) = postSolution
		SolutionGuid = {48E86BEB-DF25-45A9-993A-CD3A382285DB}
	EndGlobalSection
EndGlobal
